
Microsoft Visual Studio Solution File, Format Version 12.00
# Visual Studio Version 17
VisualStudioVersion = 17.8.34330.188
MinimumVisualStudioVersion = 10.0.40219.1
Project("{FAE04EC0-301F-11D3-BF4B-00C04F79EFBC}") = "testgit", "testgit\testgit.csproj", "{FA9F87A9-D743-406E-9725-BBC1A14465EE}"
EndProject
Global
	GlobalSection(SolutionConfigurationPlatforms) = preSolution
		Debug|Any CPU = Debug|Any CPU
		Release|Any CPU = Release|Any CPU
	EndGlobalSection
	GlobalSection(ProjectConfigurationPlatforms) = postSolution
		{FA9F87A9-D743-406E-9725-BBC1A14465EE}.Debug|Any CPU.ActiveCfg = Debug|Any CPU
		{FA9F87A9-D743-406E-9725-BBC1A14465EE}.Debug|Any CPU.Build.0 = Debug|Any CPU
		{FA9F87A9-D743-406E-9725-BBC1A14465EE}.Release|Any CPU.ActiveCfg = Release|Any CPU
		{FA9F87A9-D743-406E-9725-BBC1A14465EE}.Release|Any CPU.Build.0 = Release|Any CPU
	EndGlobalSection
	GlobalSection(SolutionProperties) = preSolution
		HideSolutionNode = FALSE
	EndGlobalSection
	GlobalSection(ExtensibilityGlobals) = postSolution
		SolutionGuid = {7894EB1F-3F71-465D-B41F-EF0157CB58F1}
	EndGlobalSection
EndGlobal
